
Microsoft Visual Studio Solution File, Format Version 12.00
# Visual Studio Version 17
VisualStudioVersion = 17.2.32519.379
MinimumVisualStudioVersion = 10.0.40219.1
Project("{9A19103F-16F7-4668-BE54-9A1E7A4F7556}") = "SkorubaApi", "SkorubaApi\SkorubaApi.csproj", "{2EF2FE0B-A369-44E2-8C44-800ADCF1F062}"
EndProject
Project("{9A19103F-16F7-4668-BE54-9A1E7A4F7556}") = "SkorubaMvc", "SkorubaMvc\SkorubaMvc.csproj", "{29A98B08-360B-46D7-BF9E-ABB8485BEBDC}"
EndProject
Project("{FAE04EC0-301F-11D3-BF4B-00C04F79EFBC}") = "BlazorServer", "BlazorServer\BlazorServer.csproj", "{A17B41A6-44F5-4146-AE04-25E059B1CDF2}"
EndProject
Global
	GlobalSection(SolutionConfigurationPlatforms) = preSolution
		Debug|Any CPU = Debug|Any CPU
		Release|Any CPU = Release|Any CPU
	EndGlobalSection
	GlobalSection(ProjectConfigurationPlatforms) = postSolution
		{2EF2FE0B-A369-44E2-8C44-800ADCF1F062}.Debug|Any CPU.ActiveCfg = Debug|Any CPU
		{2EF2FE0B-A369-44E2-8C44-800ADCF1F062}.Debug|Any CPU.Build.0 = Debug|Any CPU
		{2EF2FE0B-A369-44E2-8C44-800ADCF1F062}.Release|Any CPU.ActiveCfg = Release|Any CPU
		{2EF2FE0B-A369-44E2-8C44-800ADCF1F062}.Release|Any CPU.Build.0 = Release|Any CPU
		{29A98B08-360B-46D7-BF9E-ABB8485BEBDC}.Debug|Any CPU.ActiveCfg = Debug|Any CPU
		{29A98B08-360B-46D7-BF9E-ABB8485BEBDC}.Debug|Any CPU.Build.0 = Debug|Any CPU
		{29A98B08-360B-46D7-BF9E-ABB8485BEBDC}.Release|Any CPU.ActiveCfg = Release|Any CPU
		{29A98B08-360B-46D7-BF9E-ABB8485BEBDC}.Release|Any CPU.Build.0 = Release|Any CPU
		{A17B41A6-44F5-4146-AE04-25E059B1CDF2}.Debug|Any CPU.ActiveCfg = Debug|Any CPU
		{A17B41A6-44F5-4146-AE04-25E059B1CDF2}.Debug|Any CPU.Build.0 = Debug|Any CPU
		{A17B41A6-44F5-4146-AE04-25E059B1CDF2}.Release|Any CPU.ActiveCfg = Release|Any CPU
		{A17B41A6-44F5-4146-AE04-25E059B1CDF2}.Release|Any CPU.Build.0 = Release|Any CPU
	EndGlobalSection
	GlobalSection(SolutionProperties) = preSolution
		HideSolutionNode = FALSE
	EndGlobalSection
	GlobalSection(ExtensibilityGlobals) = postSolution
		SolutionGuid = {E446D8DA-DA4C-4683-9A7C-2AD77482CAAB}
	EndGlobalSection
EndGlobal
